{
    "hash": "31851c878f60a9c050bf1a9b3f84f1b9",
    "packages": [
        {
            "name": "jaz303/phake",
            "version": "dev-master",
            "source": {
                "type": "git",
                "url": "git://github.com/jaz303/phake.git",
                "reference": "cb311db67e2ac0e67fe590cfa726ff536e0f6a27"
            },
            "dist": {
                "type": "zip",
                "url": "https://github.com/jaz303/phake/archive/cb311db67e2ac0e67fe590cfa726ff536e0f6a27.zip",
                "reference": "cb311db67e2ac0e67fe590cfa726ff536e0f6a27",
                "shasum": ""
            },
            "require": {
                "php": ">=5.3.0"
            },
            "time": "2012-12-15 11:17:25",
            "bin": [
                "bin/phake"
            ],
            "type": "library",
            "notification-url": "https://packagist.org/downloads/",
            "license": [
                "MIT"
            ],
            "authors": [
                {
                    "name": "Jason Frame",
                    "email": "jason@onehackoranother.com"
                }
            ],
            "description": "A wee clone of Ruby's rake for PHP 5.3. Uses closures for ultimate coolness.",
            "homepage": "http://github.com/jaz303/phake",
            "keywords": [
                "cli",
                "Tasks"
            ]
        },
        {
            "name": "phpseclib/phpseclib",
            "version": "dev-master",
            "source": {
                "type": "git",
                "url": "https://github.com/phpseclib/phpseclib",
                "reference": "ce22f11f7f9ef3bb07f98e44e329446c4a667566"
            },
            "dist": {
                "type": "zip",
                "url": "https://github.com/phpseclib/phpseclib/archive/ce22f11f7f9ef3bb07f98e44e329446c4a667566.zip",
                "reference": "ce22f11f7f9ef3bb07f98e44e329446c4a667566",
                "shasum": ""
            },
            "require": {
                "php": ">=5.0.0"
            },
            "suggest": {
                "ext-mcrypt": "Install the Mcrypt extension in order to speed up a wide variety of cryptographic operations.",
                "ext-gmp": "Install the GMP (GNU Multiple Precision) extension in order to speed up arbitrary precision integer arithmetic operations.",
                "pear-pear/PHP_Compat": "Install PHP_Compat to get phpseclib working on PHP >= 4.3.3."
            },
            "time": "2013-01-17 15:58:23",
            "type": "library",
            "autoload": {
                "psr-0": {
                    "Crypt": "phpseclib/",
                    "File": "phpseclib/",
                    "Math": "phpseclib/",
                    "Net": "phpseclib/"
                }
            },
            "notification-url": "https://packagist.org/downloads/",
            "include-path": [
                "phpseclib/"
            ],
            "license": [
                "MIT"
            ],
            "authors": [
                {
                    "name": "Jim Wigginton",
                    "email": "terrafrost@php.net",
                    "role": "Developer"
                }
            ],
            "description": "PHP Secure Communications Library - Pure-PHP implementations of RSA, AES, SSH2, SFTP, X.509 etc.",
            "homepage": "http://phpseclib.sourceforge.net",
            "keywords": [
                "security",
                "cryptography",
                "ssh",
                "encryption",
                "crypto",
                "signature",
                "signing",
                "rsa",
                "aes",
                "sftp",
                "x509",
                "x.509",
                "asn1",
                "asn.1",
                "BigInteger"
            ]
        }
    ],
    "packages-dev": null,
    "aliases": [

    ],
    "minimum-stability": "dev",
    "stability-flags": {
        "jaz303/phake": 20,
        "phpseclib/phpseclib": 20
    }
}
