{
    "hash": "495a6257f06bb58d507e176c956cfc90",
    "packages": [
        {
            "package": "phpseclib/phpseclib",
            "version": "dev-master",
            "source-reference": "2306b73677e6d85eb47cc92361952deb5a21842a"
        }
    ],
    "packages-dev": null,
    "aliases": [

    ],
    "minimum-stability": "dev",
    "stability-flags": {
        "phpseclib/phpseclib": 20
    }
}
