{
    "hash": "5a3e0952ee3e69256b7b5beceed2ab0b",
    "packages": [
        {
            "package": "jaz303/phake",
            "version": "dev-master",
            "source-reference": "b3ddad39997a5a5d9606ff6f11c8bb577b35a9b4"
        },
        {
            "package": "phpseclib/phpseclib",
            "version": "dev-master",
            "source-reference": "2306b73677e6d85eb47cc92361952deb5a21842a"
        }
    ],
    "packages-dev": null,
    "aliases": [

    ],
    "minimum-stability": "dev",
    "stability-flags": {
        "jaz303/phake": 20,
        "phpseclib/phpseclib": 20
    }
}
